
Microsoft Visual Studio Solution File, Format Version 12.00
# Visual Studio Version 16
VisualStudioVersion = 16.0.30503.244
MinimumVisualStudioVersion = 10.0.40219.1
Project("{FAE04EC0-301F-11D3-BF4B-00C04F79EFBC}") = "Game", "Game.csproj", "{DA847450-6838-47BB-B1D5-0534A9CC0D79}"
EndProject
Global
	GlobalSection(SolutionConfigurationPlatforms) = preSolution
		Debug|Any CPU = Debug|Any CPU
		Release|Any CPU = Release|Any CPU
	EndGlobalSection
	GlobalSection(ProjectConfigurationPlatforms) = postSolution
		{DA847450-6838-47BB-B1D5-0534A9CC0D79}.Debug|Any CPU.ActiveCfg = Debug|Any CPU
		{DA847450-6838-47BB-B1D5-0534A9CC0D79}.Debug|Any CPU.Build.0 = Debug|Any CPU
		{DA847450-6838-47BB-B1D5-0534A9CC0D79}.Release|Any CPU.ActiveCfg = Release|Any CPU
		{DA847450-6838-47BB-B1D5-0534A9CC0D79}.Release|Any CPU.Build.0 = Release|Any CPU
	EndGlobalSection
	GlobalSection(SolutionProperties) = preSolution
		HideSolutionNode = FALSE
	EndGlobalSection
	GlobalSection(ExtensibilityGlobals) = postSolution
		SolutionGuid = {944163DA-C4FE-4619-8081-6C818348A310}
	EndGlobalSection
EndGlobal
